
Microsoft Visual Studio Solution File, Format Version 12.00
# Visual Studio 15
VisualStudioVersion = 15.0.26430.6
MinimumVisualStudioVersion = 10.0.40219.1
Project("{2150E333-8FDC-42A3-9474-1A3956D46DE8}") = "Solution Items", "Solution Items", "{AD4B0876-1C91-4A4F-889D-05E8DDFE2EC8}"
	ProjectSection(SolutionItems) = preProject
		1.Convert.bat = 1.Convert.bat
		2.ExtractAndChange.bat = 2.ExtractAndChange.bat
		3.MakeAppx.bat = 3.MakeAppx.bat
		4.Sign.bat = 4.Sign.bat
		README.md = README.md
	EndProjectSection
EndProject
Project("{9A19103F-16F7-4668-BE54-9A1E7A4F7556}") = "GreaterFileShare.Web", "GreaterFileShare.Web\GreaterFileShare.Web.csproj", "{2642C6E4-87D4-44F5-B66A-74A52D8D35FA}"
EndProject
Project("{FAE04EC0-301F-11D3-BF4B-00C04F79EFBC}") = "GreaterFileShare.Hosts.Console", "GreaterFileShare.Hosts.Console\GreaterFileShare.Hosts.Console.csproj", "{626EA965-F603-492C-9F12-4D71659D0C86}"
EndProject
Project("{FAE04EC0-301F-11D3-BF4B-00C04F79EFBC}") = "GreaterFileShare.Hosts.Core", "GreaterFileShare.Hosts.Core\GreaterFileShare.Hosts.Core.csproj", "{D1D642CA-E08A-4983-9333-4DAF1E0FFEC4}"
	ProjectSection(ProjectDependencies) = postProject
		{2642C6E4-87D4-44F5-B66A-74A52D8D35FA} = {2642C6E4-87D4-44F5-B66A-74A52D8D35FA}
	EndProjectSection
EndProject
Project("{FAE04EC0-301F-11D3-BF4B-00C04F79EFBC}") = "GreaterFileShare.Hosts.WPF", "GreaterFileShare.Hosts.WPF\GreaterFileShare.Hosts.WPF.csproj", "{82B278BB-002F-4BCE-B6DB-29740ADC3429}"
	ProjectSection(ProjectDependencies) = postProject
		{2642C6E4-87D4-44F5-B66A-74A52D8D35FA} = {2642C6E4-87D4-44F5-B66A-74A52D8D35FA}
	EndProjectSection
EndProject
Project("{FAE04EC0-301F-11D3-BF4B-00C04F79EFBC}") = "BuildMe", "BuildMe\BuildMe.csproj", "{A93C185B-0553-4AB1-A1EB-6E9E005A812D}"
	ProjectSection(ProjectDependencies) = postProject
		{9BDB6B98-E685-4FE3-8DBB-BC0EA78431ED} = {9BDB6B98-E685-4FE3-8DBB-BC0EA78431ED}
		{82B278BB-002F-4BCE-B6DB-29740ADC3429} = {82B278BB-002F-4BCE-B6DB-29740ADC3429}
		{D1D642CA-E08A-4983-9333-4DAF1E0FFEC4} = {D1D642CA-E08A-4983-9333-4DAF1E0FFEC4}
		{2642C6E4-87D4-44F5-B66A-74A52D8D35FA} = {2642C6E4-87D4-44F5-B66A-74A52D8D35FA}
	EndProjectSection
EndProject
Project("{FAE04EC0-301F-11D3-BF4B-00C04F79EFBC}") = "GreaterFileShare.UWP", "GreaterFileShare.UWP\GreaterFileShare.UWP.csproj", "{9BDB6B98-E685-4FE3-8DBB-BC0EA78431ED}"
EndProject
Project("{FAE04EC0-301F-11D3-BF4B-00C04F79EFBC}") = "GreaterFileShare.WCF", "GreaterFileShare.WCF\GreaterFileShare.WCF.csproj", "{BCDD2FA8-5A76-4AA5-B76E-E9BD6F96FCF6}"
EndProject
Global
	GlobalSection(SolutionConfigurationPlatforms) = preSolution
		CD_ROM|Any CPU = CD_ROM|Any CPU
		CD_ROM|ARM = CD_ROM|ARM
		CD_ROM|x64 = CD_ROM|x64
		CD_ROM|x86 = CD_ROM|x86
		Debug|Any CPU = Debug|Any CPU
		Debug|ARM = Debug|ARM
		Debug|x64 = Debug|x64
		Debug|x86 = Debug|x86
		DVD-5|Any CPU = DVD-5|Any CPU
		DVD-5|ARM = DVD-5|ARM
		DVD-5|x64 = DVD-5|x64
		DVD-5|x86 = DVD-5|x86
		Release|Any CPU = Release|Any CPU
		Release|ARM = Release|ARM
		Release|x64 = Release|x64
		Release|x86 = Release|x86
		SingleImage|Any CPU = SingleImage|Any CPU
		SingleImage|ARM = SingleImage|ARM
		SingleImage|x64 = SingleImage|x64
		SingleImage|x86 = SingleImage|x86
	EndGlobalSection
	GlobalSection(ProjectConfigurationPlatforms) = postSolution
		{2642C6E4-87D4-44F5-B66A-74A52D8D35FA}.CD_ROM|Any CPU.ActiveCfg = Release|Any CPU
		{2642C6E4-87D4-44F5-B66A-74A52D8D35FA}.CD_ROM|Any CPU.Build.0 = Release|Any CPU
		{2642C6E4-87D4-44F5-B66A-74A52D8D35FA}.CD_ROM|ARM.ActiveCfg = Debug|Any CPU
		{2642C6E4-87D4-44F5-B66A-74A52D8D35FA}.CD_ROM|ARM.Build.0 = Debug|Any CPU
		{2642C6E4-87D4-44F5-B66A-74A52D8D35FA}.CD_ROM|x64.ActiveCfg = Debug|Any CPU
		{2642C6E4-87D4-44F5-B66A-74A52D8D35FA}.CD_ROM|x64.Build.0 = Debug|Any CPU
		{2642C6E4-87D4-44F5-B66A-74A52D8D35FA}.CD_ROM|x86.ActiveCfg = Debug|Any CPU
		{2642C6E4-87D4-44F5-B66A-74A52D8D35FA}.CD_ROM|x86.Build.0 = Debug|Any CPU
		{2642C6E4-87D4-44F5-B66A-74A52D8D35FA}.Debug|Any CPU.ActiveCfg = Debug|Any CPU
		{2642C6E4-87D4-44F5-B66A-74A52D8D35FA}.Debug|Any CPU.Build.0 = Debug|Any CPU
		{2642C6E4-87D4-44F5-B66A-74A52D8D35FA}.Debug|ARM.ActiveCfg = Debug|Any CPU
		{2642C6E4-87D4-44F5-B66A-74A52D8D35FA}.Debug|ARM.Build.0 = Debug|Any CPU
		{2642C6E4-87D4-44F5-B66A-74A52D8D35FA}.Debug|x64.ActiveCfg = Debug|Any CPU
		{2642C6E4-87D4-44F5-B66A-74A52D8D35FA}.Debug|x64.Build.0 = Debug|Any CPU
		{2642C6E4-87D4-44F5-B66A-74A52D8D35FA}.Debug|x86.ActiveCfg = Debug|Any CPU
		{2642C6E4-87D4-44F5-B66A-74A52D8D35FA}.Debug|x86.Build.0 = Debug|Any CPU
		{2642C6E4-87D4-44F5-B66A-74A52D8D35FA}.DVD-5|Any CPU.ActiveCfg = Debug|Any CPU
		{2642C6E4-87D4-44F5-B66A-74A52D8D35FA}.DVD-5|Any CPU.Build.0 = Debug|Any CPU
		{2642C6E4-87D4-44F5-B66A-74A52D8D35FA}.DVD-5|ARM.ActiveCfg = Debug|Any CPU
		{2642C6E4-87D4-44F5-B66A-74A52D8D35FA}.DVD-5|ARM.Build.0 = Debug|Any CPU
		{2642C6E4-87D4-44F5-B66A-74A52D8D35FA}.DVD-5|x64.ActiveCfg = Debug|Any CPU
		{2642C6E4-87D4-44F5-B66A-74A52D8D35FA}.DVD-5|x64.Build.0 = Debug|Any CPU
		{2642C6E4-87D4-44F5-B66A-74A52D8D35FA}.DVD-5|x86.ActiveCfg = Debug|Any CPU
		{2642C6E4-87D4-44F5-B66A-74A52D8D35FA}.DVD-5|x86.Build.0 = Debug|Any CPU
		{2642C6E4-87D4-44F5-B66A-74A52D8D35FA}.Release|Any CPU.ActiveCfg = Release|Any CPU
		{2642C6E4-87D4-44F5-B66A-74A52D8D35FA}.Release|Any CPU.Build.0 = Release|Any CPU
		{2642C6E4-87D4-44F5-B66A-74A52D8D35FA}.Release|ARM.ActiveCfg = Release|Any CPU
		{2642C6E4-87D4-44F5-B66A-74A52D8D35FA}.Release|ARM.Build.0 = Release|Any CPU
		{2642C6E4-87D4-44F5-B66A-74A52D8D35FA}.Release|x64.ActiveCfg = Release|Any CPU
		{2642C6E4-87D4-44F5-B66A-74A52D8D35FA}.Release|x64.Build.0 = Release|Any CPU
		{2642C6E4-87D4-44F5-B66A-74A52D8D35FA}.Release|x86.ActiveCfg = Release|x86
		{2642C6E4-87D4-44F5-B66A-74A52D8D35FA}.Release|x86.Build.0 = Release|x86
		{2642C6E4-87D4-44F5-B66A-74A52D8D35FA}.SingleImage|Any CPU.ActiveCfg = Release|Any CPU
		{2642C6E4-87D4-44F5-B66A-74A52D8D35FA}.SingleImage|Any CPU.Build.0 = Release|Any CPU
		{2642C6E4-87D4-44F5-B66A-74A52D8D35FA}.SingleImage|ARM.ActiveCfg = Debug|Any CPU
		{2642C6E4-87D4-44F5-B66A-74A52D8D35FA}.SingleImage|ARM.Build.0 = Debug|Any CPU
		{2642C6E4-87D4-44F5-B66A-74A52D8D35FA}.SingleImage|x64.ActiveCfg = Debug|Any CPU
		{2642C6E4-87D4-44F5-B66A-74A52D8D35FA}.SingleImage|x64.Build.0 = Debug|Any CPU
		{2642C6E4-87D4-44F5-B66A-74A52D8D35FA}.SingleImage|x86.ActiveCfg = Debug|Any CPU
		{2642C6E4-87D4-44F5-B66A-74A52D8D35FA}.SingleImage|x86.Build.0 = Debug|Any CPU
		{626EA965-F603-492C-9F12-4D71659D0C86}.CD_ROM|Any CPU.ActiveCfg = Release|Any CPU
		{626EA965-F603-492C-9F12-4D71659D0C86}.CD_ROM|Any CPU.Build.0 = Release|Any CPU
		{626EA965-F603-492C-9F12-4D71659D0C86}.CD_ROM|ARM.ActiveCfg = Debug|Any CPU
		{626EA965-F603-492C-9F12-4D71659D0C86}.CD_ROM|ARM.Build.0 = Debug|Any CPU
		{626EA965-F603-492C-9F12-4D71659D0C86}.CD_ROM|x64.ActiveCfg = Release|x64
		{626EA965-F603-492C-9F12-4D71659D0C86}.CD_ROM|x64.Build.0 = Release|x64
		{626EA965-F603-492C-9F12-4D71659D0C86}.CD_ROM|x86.ActiveCfg = Debug|Any CPU
		{626EA965-F603-492C-9F12-4D71659D0C86}.CD_ROM|x86.Build.0 = Debug|Any CPU
		{626EA965-F603-492C-9F12-4D71659D0C86}.Debug|Any CPU.ActiveCfg = Debug|Any CPU
		{626EA965-F603-492C-9F12-4D71659D0C86}.Debug|Any CPU.Build.0 = Debug|Any CPU
		{626EA965-F603-492C-9F12-4D71659D0C86}.Debug|ARM.ActiveCfg = Debug|Any CPU
		{626EA965-F603-492C-9F12-4D71659D0C86}.Debug|ARM.Build.0 = Debug|Any CPU
		{626EA965-F603-492C-9F12-4D71659D0C86}.Debug|x64.ActiveCfg = Debug|x64
		{626EA965-F603-492C-9F12-4D71659D0C86}.Debug|x64.Build.0 = Debug|x64
		{626EA965-F603-492C-9F12-4D71659D0C86}.Debug|x86.ActiveCfg = Debug|Any CPU
		{626EA965-F603-492C-9F12-4D71659D0C86}.Debug|x86.Build.0 = Debug|Any CPU
		{626EA965-F603-492C-9F12-4D71659D0C86}.DVD-5|Any CPU.ActiveCfg = Debug|Any CPU
		{626EA965-F603-492C-9F12-4D71659D0C86}.DVD-5|Any CPU.Build.0 = Debug|Any CPU
		{626EA965-F603-492C-9F12-4D71659D0C86}.DVD-5|ARM.ActiveCfg = Debug|Any CPU
		{626EA965-F603-492C-9F12-4D71659D0C86}.DVD-5|ARM.Build.0 = Debug|Any CPU
		{626EA965-F603-492C-9F12-4D71659D0C86}.DVD-5|x64.ActiveCfg = Debug|x64
		{626EA965-F603-492C-9F12-4D71659D0C86}.DVD-5|x64.Build.0 = Debug|x64
		{626EA965-F603-492C-9F12-4D71659D0C86}.DVD-5|x86.ActiveCfg = Debug|Any CPU
		{626EA965-F603-492C-9F12-4D71659D0C86}.DVD-5|x86.Build.0 = Debug|Any CPU
		{626EA965-F603-492C-9F12-4D71659D0C86}.Release|Any CPU.ActiveCfg = Release|Any CPU
		{626EA965-F603-492C-9F12-4D71659D0C86}.Release|Any CPU.Build.0 = Release|Any CPU
		{626EA965-F603-492C-9F12-4D71659D0C86}.Release|ARM.ActiveCfg = Release|Any CPU
		{626EA965-F603-492C-9F12-4D71659D0C86}.Release|ARM.Build.0 = Release|Any CPU
		{626EA965-F603-492C-9F12-4D71659D0C86}.Release|x64.ActiveCfg = Release|x64
		{626EA965-F603-492C-9F12-4D71659D0C86}.Release|x64.Build.0 = Release|x64
		{626EA965-F603-492C-9F12-4D71659D0C86}.Release|x86.ActiveCfg = Release|x86
		{626EA965-F603-492C-9F12-4D71659D0C86}.Release|x86.Build.0 = Release|x86
		{626EA965-F603-492C-9F12-4D71659D0C86}.SingleImage|Any CPU.ActiveCfg = Release|Any CPU
		{626EA965-F603-492C-9F12-4D71659D0C86}.SingleImage|Any CPU.Build.0 = Release|Any CPU
		{626EA965-F603-492C-9F12-4D71659D0C86}.SingleImage|ARM.ActiveCfg = Debug|Any CPU
		{626EA965-F603-492C-9F12-4D71659D0C86}.SingleImage|ARM.Build.0 = Debug|Any CPU
		{626EA965-F603-492C-9F12-4D71659D0C86}.SingleImage|x64.ActiveCfg = Release|x64
		{626EA965-F603-492C-9F12-4D71659D0C86}.SingleImage|x64.Build.0 = Release|x64
		{626EA965-F603-492C-9F12-4D71659D0C86}.SingleImage|x86.ActiveCfg = Debug|Any CPU
		{626EA965-F603-492C-9F12-4D71659D0C86}.SingleImage|x86.Build.0 = Debug|Any CPU
		{D1D642CA-E08A-4983-9333-4DAF1E0FFEC4}.CD_ROM|Any CPU.ActiveCfg = Release|Any CPU
		{D1D642CA-E08A-4983-9333-4DAF1E0FFEC4}.CD_ROM|Any CPU.Build.0 = Release|Any CPU
		{D1D642CA-E08A-4983-9333-4DAF1E0FFEC4}.CD_ROM|ARM.ActiveCfg = Debug|Any CPU
		{D1D642CA-E08A-4983-9333-4DAF1E0FFEC4}.CD_ROM|ARM.Build.0 = Debug|Any CPU
		{D1D642CA-E08A-4983-9333-4DAF1E0FFEC4}.CD_ROM|x64.ActiveCfg = Release|x64
		{D1D642CA-E08A-4983-9333-4DAF1E0FFEC4}.CD_ROM|x64.Build.0 = Release|x64
		{D1D642CA-E08A-4983-9333-4DAF1E0FFEC4}.CD_ROM|x86.ActiveCfg = Debug|Any CPU
		{D1D642CA-E08A-4983-9333-4DAF1E0FFEC4}.CD_ROM|x86.Build.0 = Debug|Any CPU
		{D1D642CA-E08A-4983-9333-4DAF1E0FFEC4}.Debug|Any CPU.ActiveCfg = Debug|Any CPU
		{D1D642CA-E08A-4983-9333-4DAF1E0FFEC4}.Debug|Any CPU.Build.0 = Debug|Any CPU
		{D1D642CA-E08A-4983-9333-4DAF1E0FFEC4}.Debug|ARM.ActiveCfg = Debug|Any CPU
		{D1D642CA-E08A-4983-9333-4DAF1E0FFEC4}.Debug|ARM.Build.0 = Debug|Any CPU
		{D1D642CA-E08A-4983-9333-4DAF1E0FFEC4}.Debug|x64.ActiveCfg = Debug|x64
		{D1D642CA-E08A-4983-9333-4DAF1E0FFEC4}.Debug|x64.Build.0 = Debug|x64
		{D1D642CA-E08A-4983-9333-4DAF1E0FFEC4}.Debug|x86.ActiveCfg = Debug|Any CPU
		{D1D642CA-E08A-4983-9333-4DAF1E0FFEC4}.Debug|x86.Build.0 = Debug|Any CPU
		{D1D642CA-E08A-4983-9333-4DAF1E0FFEC4}.DVD-5|Any CPU.ActiveCfg = Debug|Any CPU
		{D1D642CA-E08A-4983-9333-4DAF1E0FFEC4}.DVD-5|Any CPU.Build.0 = Debug|Any CPU
		{D1D642CA-E08A-4983-9333-4DAF1E0FFEC4}.DVD-5|ARM.ActiveCfg = Debug|Any CPU
		{D1D642CA-E08A-4983-9333-4DAF1E0FFEC4}.DVD-5|ARM.Build.0 = Debug|Any CPU
		{D1D642CA-E08A-4983-9333-4DAF1E0FFEC4}.DVD-5|x64.ActiveCfg = Debug|x64
		{D1D642CA-E08A-4983-9333-4DAF1E0FFEC4}.DVD-5|x64.Build.0 = Debug|x64
		{D1D642CA-E08A-4983-9333-4DAF1E0FFEC4}.DVD-5|x86.ActiveCfg = Debug|Any CPU
		{D1D642CA-E08A-4983-9333-4DAF1E0FFEC4}.DVD-5|x86.Build.0 = Debug|Any CPU
		{D1D642CA-E08A-4983-9333-4DAF1E0FFEC4}.Release|Any CPU.ActiveCfg = Release|Any CPU
		{D1D642CA-E08A-4983-9333-4DAF1E0FFEC4}.Release|Any CPU.Build.0 = Release|Any CPU
		{D1D642CA-E08A-4983-9333-4DAF1E0FFEC4}.Release|ARM.ActiveCfg = Release|Any CPU
		{D1D642CA-E08A-4983-9333-4DAF1E0FFEC4}.Release|ARM.Build.0 = Release|Any CPU
		{D1D642CA-E08A-4983-9333-4DAF1E0FFEC4}.Release|x64.ActiveCfg = Release|x64
		{D1D642CA-E08A-4983-9333-4DAF1E0FFEC4}.Release|x64.Build.0 = Release|x64
		{D1D642CA-E08A-4983-9333-4DAF1E0FFEC4}.Release|x86.ActiveCfg = Release|x86
		{D1D642CA-E08A-4983-9333-4DAF1E0FFEC4}.Release|x86.Build.0 = Release|x86
		{D1D642CA-E08A-4983-9333-4DAF1E0FFEC4}.SingleImage|Any CPU.ActiveCfg = Release|Any CPU
		{D1D642CA-E08A-4983-9333-4DAF1E0FFEC4}.SingleImage|Any CPU.Build.0 = Release|Any CPU
		{D1D642CA-E08A-4983-9333-4DAF1E0FFEC4}.SingleImage|ARM.ActiveCfg = Debug|Any CPU
		{D1D642CA-E08A-4983-9333-4DAF1E0FFEC4}.SingleImage|ARM.Build.0 = Debug|Any CPU
		{D1D642CA-E08A-4983-9333-4DAF1E0FFEC4}.SingleImage|x64.ActiveCfg = Release|x64
		{D1D642CA-E08A-4983-9333-4DAF1E0FFEC4}.SingleImage|x64.Build.0 = Release|x64
		{D1D642CA-E08A-4983-9333-4DAF1E0FFEC4}.SingleImage|x86.ActiveCfg = Debug|Any CPU
		{D1D642CA-E08A-4983-9333-4DAF1E0FFEC4}.SingleImage|x86.Build.0 = Debug|Any CPU
		{82B278BB-002F-4BCE-B6DB-29740ADC3429}.CD_ROM|Any CPU.ActiveCfg = Release|Any CPU
		{82B278BB-002F-4BCE-B6DB-29740ADC3429}.CD_ROM|Any CPU.Build.0 = Release|Any CPU
		{82B278BB-002F-4BCE-B6DB-29740ADC3429}.CD_ROM|ARM.ActiveCfg = Debug|Any CPU
		{82B278BB-002F-4BCE-B6DB-29740ADC3429}.CD_ROM|ARM.Build.0 = Debug|Any CPU
		{82B278BB-002F-4BCE-B6DB-29740ADC3429}.CD_ROM|x64.ActiveCfg = Release|x64
		{82B278BB-002F-4BCE-B6DB-29740ADC3429}.CD_ROM|x64.Build.0 = Release|x64
		{82B278BB-002F-4BCE-B6DB-29740ADC3429}.CD_ROM|x86.ActiveCfg = Debug|Any CPU
		{82B278BB-002F-4BCE-B6DB-29740ADC3429}.CD_ROM|x86.Build.0 = Debug|Any CPU
		{82B278BB-002F-4BCE-B6DB-29740ADC3429}.Debug|Any CPU.ActiveCfg = Debug|Any CPU
		{82B278BB-002F-4BCE-B6DB-29740ADC3429}.Debug|Any CPU.Build.0 = Debug|Any CPU
		{82B278BB-002F-4BCE-B6DB-29740ADC3429}.Debug|ARM.ActiveCfg = Debug|Any CPU
		{82B278BB-002F-4BCE-B6DB-29740ADC3429}.Debug|ARM.Build.0 = Debug|Any CPU
		{82B278BB-002F-4BCE-B6DB-29740ADC3429}.Debug|x64.ActiveCfg = Debug|x64
		{82B278BB-002F-4BCE-B6DB-29740ADC3429}.Debug|x64.Build.0 = Debug|x64
		{82B278BB-002F-4BCE-B6DB-29740ADC3429}.Debug|x86.ActiveCfg = Debug|Any CPU
		{82B278BB-002F-4BCE-B6DB-29740ADC3429}.Debug|x86.Build.0 = Debug|Any CPU
		{82B278BB-002F-4BCE-B6DB-29740ADC3429}.DVD-5|Any CPU.ActiveCfg = Debug|Any CPU
		{82B278BB-002F-4BCE-B6DB-29740ADC3429}.DVD-5|Any CPU.Build.0 = Debug|Any CPU
		{82B278BB-002F-4BCE-B6DB-29740ADC3429}.DVD-5|ARM.ActiveCfg = Debug|Any CPU
		{82B278BB-002F-4BCE-B6DB-29740ADC3429}.DVD-5|ARM.Build.0 = Debug|Any CPU
		{82B278BB-002F-4BCE-B6DB-29740ADC3429}.DVD-5|x64.ActiveCfg = Debug|x64
		{82B278BB-002F-4BCE-B6DB-29740ADC3429}.DVD-5|x64.Build.0 = Debug|x64
		{82B278BB-002F-4BCE-B6DB-29740ADC3429}.DVD-5|x86.ActiveCfg = Debug|Any CPU
		{82B278BB-002F-4BCE-B6DB-29740ADC3429}.DVD-5|x86.Build.0 = Debug|Any CPU
		{82B278BB-002F-4BCE-B6DB-29740ADC3429}.Release|Any CPU.ActiveCfg = Release|Any CPU
		{82B278BB-002F-4BCE-B6DB-29740ADC3429}.Release|Any CPU.Build.0 = Release|Any CPU
		{82B278BB-002F-4BCE-B6DB-29740ADC3429}.Release|ARM.ActiveCfg = Release|Any CPU
		{82B278BB-002F-4BCE-B6DB-29740ADC3429}.Release|ARM.Build.0 = Release|Any CPU
		{82B278BB-002F-4BCE-B6DB-29740ADC3429}.Release|x64.ActiveCfg = Release|x64
		{82B278BB-002F-4BCE-B6DB-29740ADC3429}.Release|x64.Build.0 = Release|x64
		{82B278BB-002F-4BCE-B6DB-29740ADC3429}.Release|x86.ActiveCfg = Release|x86
		{82B278BB-002F-4BCE-B6DB-29740ADC3429}.Release|x86.Build.0 = Release|x86
		{82B278BB-002F-4BCE-B6DB-29740ADC3429}.SingleImage|Any CPU.ActiveCfg = Release|Any CPU
		{82B278BB-002F-4BCE-B6DB-29740ADC3429}.SingleImage|Any CPU.Build.0 = Release|Any CPU
		{82B278BB-002F-4BCE-B6DB-29740ADC3429}.SingleImage|ARM.ActiveCfg = Debug|Any CPU
		{82B278BB-002F-4BCE-B6DB-29740ADC3429}.SingleImage|ARM.Build.0 = Debug|Any CPU
		{82B278BB-002F-4BCE-B6DB-29740ADC3429}.SingleImage|x64.ActiveCfg = Release|x64
		{82B278BB-002F-4BCE-B6DB-29740ADC3429}.SingleImage|x64.Build.0 = Release|x64
		{82B278BB-002F-4BCE-B6DB-29740ADC3429}.SingleImage|x86.ActiveCfg = Debug|Any CPU
		{82B278BB-002F-4BCE-B6DB-29740ADC3429}.SingleImage|x86.Build.0 = Debug|Any CPU
		{A93C185B-0553-4AB1-A1EB-6E9E005A812D}.CD_ROM|Any CPU.ActiveCfg = Release|Any CPU
		{A93C185B-0553-4AB1-A1EB-6E9E005A812D}.CD_ROM|Any CPU.Build.0 = Release|Any CPU
		{A93C185B-0553-4AB1-A1EB-6E9E005A812D}.CD_ROM|ARM.ActiveCfg = Debug|Any CPU
		{A93C185B-0553-4AB1-A1EB-6E9E005A812D}.CD_ROM|ARM.Build.0 = Debug|Any CPU
		{A93C185B-0553-4AB1-A1EB-6E9E005A812D}.CD_ROM|x64.ActiveCfg = Release|x64
		{A93C185B-0553-4AB1-A1EB-6E9E005A812D}.CD_ROM|x64.Build.0 = Release|x64
		{A93C185B-0553-4AB1-A1EB-6E9E005A812D}.CD_ROM|x86.ActiveCfg = Debug|Any CPU
		{A93C185B-0553-4AB1-A1EB-6E9E005A812D}.CD_ROM|x86.Build.0 = Debug|Any CPU
		{A93C185B-0553-4AB1-A1EB-6E9E005A812D}.Debug|Any CPU.ActiveCfg = Debug|Any CPU
		{A93C185B-0553-4AB1-A1EB-6E9E005A812D}.Debug|Any CPU.Build.0 = Debug|Any CPU
		{A93C185B-0553-4AB1-A1EB-6E9E005A812D}.Debug|ARM.ActiveCfg = Debug|Any CPU
		{A93C185B-0553-4AB1-A1EB-6E9E005A812D}.Debug|ARM.Build.0 = Debug|Any CPU
		{A93C185B-0553-4AB1-A1EB-6E9E005A812D}.Debug|x64.ActiveCfg = Debug|x64
		{A93C185B-0553-4AB1-A1EB-6E9E005A812D}.Debug|x64.Build.0 = Debug|x64
		{A93C185B-0553-4AB1-A1EB-6E9E005A812D}.Debug|x86.ActiveCfg = Debug|Any CPU
		{A93C185B-0553-4AB1-A1EB-6E9E005A812D}.Debug|x86.Build.0 = Debug|Any CPU
		{A93C185B-0553-4AB1-A1EB-6E9E005A812D}.DVD-5|Any CPU.ActiveCfg = Debug|Any CPU
		{A93C185B-0553-4AB1-A1EB-6E9E005A812D}.DVD-5|Any CPU.Build.0 = Debug|Any CPU
		{A93C185B-0553-4AB1-A1EB-6E9E005A812D}.DVD-5|ARM.ActiveCfg = Debug|Any CPU
		{A93C185B-0553-4AB1-A1EB-6E9E005A812D}.DVD-5|ARM.Build.0 = Debug|Any CPU
		{A93C185B-0553-4AB1-A1EB-6E9E005A812D}.DVD-5|x64.ActiveCfg = Debug|x64
		{A93C185B-0553-4AB1-A1EB-6E9E005A812D}.DVD-5|x64.Build.0 = Debug|x64
		{A93C185B-0553-4AB1-A1EB-6E9E005A812D}.DVD-5|x86.ActiveCfg = Debug|Any CPU
		{A93C185B-0553-4AB1-A1EB-6E9E005A812D}.DVD-5|x86.Build.0 = Debug|Any CPU
		{A93C185B-0553-4AB1-A1EB-6E9E005A812D}.Release|Any CPU.ActiveCfg = Release|Any CPU
		{A93C185B-0553-4AB1-A1EB-6E9E005A812D}.Release|Any CPU.Build.0 = Release|Any CPU
		{A93C185B-0553-4AB1-A1EB-6E9E005A812D}.Release|ARM.ActiveCfg = Release|Any CPU
		{A93C185B-0553-4AB1-A1EB-6E9E005A812D}.Release|ARM.Build.0 = Release|Any CPU
		{A93C185B-0553-4AB1-A1EB-6E9E005A812D}.Release|x64.ActiveCfg = Release|x64
		{A93C185B-0553-4AB1-A1EB-6E9E005A812D}.Release|x64.Build.0 = Release|x64
		{A93C185B-0553-4AB1-A1EB-6E9E005A812D}.Release|x86.ActiveCfg = Release|x86
		{A93C185B-0553-4AB1-A1EB-6E9E005A812D}.SingleImage|Any CPU.ActiveCfg = Release|Any CPU
		{A93C185B-0553-4AB1-A1EB-6E9E005A812D}.SingleImage|Any CPU.Build.0 = Release|Any CPU
		{A93C185B-0553-4AB1-A1EB-6E9E005A812D}.SingleImage|ARM.ActiveCfg = Debug|Any CPU
		{A93C185B-0553-4AB1-A1EB-6E9E005A812D}.SingleImage|ARM.Build.0 = Debug|Any CPU
		{A93C185B-0553-4AB1-A1EB-6E9E005A812D}.SingleImage|x64.ActiveCfg = Release|x64
		{A93C185B-0553-4AB1-A1EB-6E9E005A812D}.SingleImage|x64.Build.0 = Release|x64
		{A93C185B-0553-4AB1-A1EB-6E9E005A812D}.SingleImage|x86.ActiveCfg = Debug|Any CPU
		{A93C185B-0553-4AB1-A1EB-6E9E005A812D}.SingleImage|x86.Build.0 = Debug|Any CPU
		{9BDB6B98-E685-4FE3-8DBB-BC0EA78431ED}.CD_ROM|Any CPU.ActiveCfg = Release|x86
		{9BDB6B98-E685-4FE3-8DBB-BC0EA78431ED}.CD_ROM|Any CPU.Build.0 = Release|x86
		{9BDB6B98-E685-4FE3-8DBB-BC0EA78431ED}.CD_ROM|Any CPU.Deploy.0 = Release|x86
		{9BDB6B98-E685-4FE3-8DBB-BC0EA78431ED}.CD_ROM|ARM.ActiveCfg = Release|ARM
		{9BDB6B98-E685-4FE3-8DBB-BC0EA78431ED}.CD_ROM|ARM.Build.0 = Release|ARM
		{9BDB6B98-E685-4FE3-8DBB-BC0EA78431ED}.CD_ROM|ARM.Deploy.0 = Release|ARM
		{9BDB6B98-E685-4FE3-8DBB-BC0EA78431ED}.CD_ROM|x64.ActiveCfg = Release|x64
		{9BDB6B98-E685-4FE3-8DBB-BC0EA78431ED}.CD_ROM|x64.Build.0 = Release|x64
		{9BDB6B98-E685-4FE3-8DBB-BC0EA78431ED}.CD_ROM|x64.Deploy.0 = Release|x64
		{9BDB6B98-E685-4FE3-8DBB-BC0EA78431ED}.CD_ROM|x86.ActiveCfg = Release|x86
		{9BDB6B98-E685-4FE3-8DBB-BC0EA78431ED}.CD_ROM|x86.Build.0 = Release|x86
		{9BDB6B98-E685-4FE3-8DBB-BC0EA78431ED}.CD_ROM|x86.Deploy.0 = Release|x86
		{9BDB6B98-E685-4FE3-8DBB-BC0EA78431ED}.Debug|Any CPU.ActiveCfg = Debug|x86
		{9BDB6B98-E685-4FE3-8DBB-BC0EA78431ED}.Debug|ARM.ActiveCfg = Debug|ARM
		{9BDB6B98-E685-4FE3-8DBB-BC0EA78431ED}.Debug|ARM.Build.0 = Debug|ARM
		{9BDB6B98-E685-4FE3-8DBB-BC0EA78431ED}.Debug|ARM.Deploy.0 = Debug|ARM
		{9BDB6B98-E685-4FE3-8DBB-BC0EA78431ED}.Debug|x64.ActiveCfg = Debug|x64
		{9BDB6B98-E685-4FE3-8DBB-BC0EA78431ED}.Debug|x64.Build.0 = Debug|x64
		{9BDB6B98-E685-4FE3-8DBB-BC0EA78431ED}.Debug|x64.Deploy.0 = Debug|x64
		{9BDB6B98-E685-4FE3-8DBB-BC0EA78431ED}.Debug|x86.ActiveCfg = Debug|x86
		{9BDB6B98-E685-4FE3-8DBB-BC0EA78431ED}.Debug|x86.Build.0 = Debug|x86
		{9BDB6B98-E685-4FE3-8DBB-BC0EA78431ED}.Debug|x86.Deploy.0 = Debug|x86
		{9BDB6B98-E685-4FE3-8DBB-BC0EA78431ED}.DVD-5|Any CPU.ActiveCfg = Release|x86
		{9BDB6B98-E685-4FE3-8DBB-BC0EA78431ED}.DVD-5|Any CPU.Build.0 = Release|x86
		{9BDB6B98-E685-4FE3-8DBB-BC0EA78431ED}.DVD-5|Any CPU.Deploy.0 = Release|x86
		{9BDB6B98-E685-4FE3-8DBB-BC0EA78431ED}.DVD-5|ARM.ActiveCfg = Debug|ARM
		{9BDB6B98-E685-4FE3-8DBB-BC0EA78431ED}.DVD-5|ARM.Build.0 = Debug|ARM
		{9BDB6B98-E685-4FE3-8DBB-BC0EA78431ED}.DVD-5|ARM.Deploy.0 = Debug|ARM
		{9BDB6B98-E685-4FE3-8DBB-BC0EA78431ED}.DVD-5|x64.ActiveCfg = Debug|x64
		{9BDB6B98-E685-4FE3-8DBB-BC0EA78431ED}.DVD-5|x64.Build.0 = Debug|x64
		{9BDB6B98-E685-4FE3-8DBB-BC0EA78431ED}.DVD-5|x64.Deploy.0 = Debug|x64
		{9BDB6B98-E685-4FE3-8DBB-BC0EA78431ED}.DVD-5|x86.ActiveCfg = Debug|x86
		{9BDB6B98-E685-4FE3-8DBB-BC0EA78431ED}.DVD-5|x86.Build.0 = Debug|x86
		{9BDB6B98-E685-4FE3-8DBB-BC0EA78431ED}.DVD-5|x86.Deploy.0 = Debug|x86
		{9BDB6B98-E685-4FE3-8DBB-BC0EA78431ED}.Release|Any CPU.ActiveCfg = Release|x86
		{9BDB6B98-E685-4FE3-8DBB-BC0EA78431ED}.Release|ARM.ActiveCfg = Release|ARM
		{9BDB6B98-E685-4FE3-8DBB-BC0EA78431ED}.Release|ARM.Build.0 = Release|ARM
		{9BDB6B98-E685-4FE3-8DBB-BC0EA78431ED}.Release|ARM.Deploy.0 = Release|ARM
		{9BDB6B98-E685-4FE3-8DBB-BC0EA78431ED}.Release|x64.ActiveCfg = Release|x64
		{9BDB6B98-E685-4FE3-8DBB-BC0EA78431ED}.Release|x64.Build.0 = Release|x64
		{9BDB6B98-E685-4FE3-8DBB-BC0EA78431ED}.Release|x64.Deploy.0 = Release|x64
		{9BDB6B98-E685-4FE3-8DBB-BC0EA78431ED}.Release|x86.ActiveCfg = Release|x86
		{9BDB6B98-E685-4FE3-8DBB-BC0EA78431ED}.Release|x86.Build.0 = Release|x86
		{9BDB6B98-E685-4FE3-8DBB-BC0EA78431ED}.Release|x86.Deploy.0 = Release|x86
		{9BDB6B98-E685-4FE3-8DBB-BC0EA78431ED}.SingleImage|Any CPU.ActiveCfg = Release|x86
		{9BDB6B98-E685-4FE3-8DBB-BC0EA78431ED}.SingleImage|Any CPU.Build.0 = Release|x86
		{9BDB6B98-E685-4FE3-8DBB-BC0EA78431ED}.SingleImage|Any CPU.Deploy.0 = Release|x86
		{9BDB6B98-E685-4FE3-8DBB-BC0EA78431ED}.SingleImage|ARM.ActiveCfg = Release|ARM
		{9BDB6B98-E685-4FE3-8DBB-BC0EA78431ED}.SingleImage|ARM.Build.0 = Release|ARM
		{9BDB6B98-E685-4FE3-8DBB-BC0EA78431ED}.SingleImage|ARM.Deploy.0 = Release|ARM
		{9BDB6B98-E685-4FE3-8DBB-BC0EA78431ED}.SingleImage|x64.ActiveCfg = Release|x64
		{9BDB6B98-E685-4FE3-8DBB-BC0EA78431ED}.SingleImage|x64.Build.0 = Release|x64
		{9BDB6B98-E685-4FE3-8DBB-BC0EA78431ED}.SingleImage|x64.Deploy.0 = Release|x64
		{9BDB6B98-E685-4FE3-8DBB-BC0EA78431ED}.SingleImage|x86.ActiveCfg = Release|x86
		{9BDB6B98-E685-4FE3-8DBB-BC0EA78431ED}.SingleImage|x86.Build.0 = Release|x86
		{9BDB6B98-E685-4FE3-8DBB-BC0EA78431ED}.SingleImage|x86.Deploy.0 = Release|x86
		{BCDD2FA8-5A76-4AA5-B76E-E9BD6F96FCF6}.CD_ROM|Any CPU.ActiveCfg = Release|Any CPU
		{BCDD2FA8-5A76-4AA5-B76E-E9BD6F96FCF6}.CD_ROM|Any CPU.Build.0 = Release|Any CPU
		{BCDD2FA8-5A76-4AA5-B76E-E9BD6F96FCF6}.CD_ROM|ARM.ActiveCfg = Release|Any CPU
		{BCDD2FA8-5A76-4AA5-B76E-E9BD6F96FCF6}.CD_ROM|ARM.Build.0 = Release|Any CPU
		{BCDD2FA8-5A76-4AA5-B76E-E9BD6F96FCF6}.CD_ROM|x64.ActiveCfg = Release|Any CPU
		{BCDD2FA8-5A76-4AA5-B76E-E9BD6F96FCF6}.CD_ROM|x64.Build.0 = Release|Any CPU
		{BCDD2FA8-5A76-4AA5-B76E-E9BD6F96FCF6}.CD_ROM|x86.ActiveCfg = Release|Any CPU
		{BCDD2FA8-5A76-4AA5-B76E-E9BD6F96FCF6}.CD_ROM|x86.Build.0 = Release|Any CPU
		{BCDD2FA8-5A76-4AA5-B76E-E9BD6F96FCF6}.Debug|Any CPU.ActiveCfg = Debug|Any CPU
		{BCDD2FA8-5A76-4AA5-B76E-E9BD6F96FCF6}.Debug|Any CPU.Build.0 = Debug|Any CPU
		{BCDD2FA8-5A76-4AA5-B76E-E9BD6F96FCF6}.Debug|ARM.ActiveCfg = Debug|Any CPU
		{BCDD2FA8-5A76-4AA5-B76E-E9BD6F96FCF6}.Debug|ARM.Build.0 = Debug|Any CPU
		{BCDD2FA8-5A76-4AA5-B76E-E9BD6F96FCF6}.Debug|x64.ActiveCfg = Debug|Any CPU
		{BCDD2FA8-5A76-4AA5-B76E-E9BD6F96FCF6}.Debug|x64.Build.0 = Debug|Any CPU
		{BCDD2FA8-5A76-4AA5-B76E-E9BD6F96FCF6}.Debug|x86.ActiveCfg = Debug|Any CPU
		{BCDD2FA8-5A76-4AA5-B76E-E9BD6F96FCF6}.Debug|x86.Build.0 = Debug|Any CPU
		{BCDD2FA8-5A76-4AA5-B76E-E9BD6F96FCF6}.DVD-5|Any CPU.ActiveCfg = Debug|Any CPU
		{BCDD2FA8-5A76-4AA5-B76E-E9BD6F96FCF6}.DVD-5|Any CPU.Build.0 = Debug|Any CPU
		{BCDD2FA8-5A76-4AA5-B76E-E9BD6F96FCF6}.DVD-5|ARM.ActiveCfg = Debug|Any CPU
		{BCDD2FA8-5A76-4AA5-B76E-E9BD6F96FCF6}.DVD-5|ARM.Build.0 = Debug|Any CPU
		{BCDD2FA8-5A76-4AA5-B76E-E9BD6F96FCF6}.DVD-5|x64.ActiveCfg = Debug|Any CPU
		{BCDD2FA8-5A76-4AA5-B76E-E9BD6F96FCF6}.DVD-5|x64.Build.0 = Debug|Any CPU
		{BCDD2FA8-5A76-4AA5-B76E-E9BD6F96FCF6}.DVD-5|x86.ActiveCfg = Debug|Any CPU
		{BCDD2FA8-5A76-4AA5-B76E-E9BD6F96FCF6}.DVD-5|x86.Build.0 = Debug|Any CPU
		{BCDD2FA8-5A76-4AA5-B76E-E9BD6F96FCF6}.Release|Any CPU.ActiveCfg = Release|Any CPU
		{BCDD2FA8-5A76-4AA5-B76E-E9BD6F96FCF6}.Release|Any CPU.Build.0 = Release|Any CPU
		{BCDD2FA8-5A76-4AA5-B76E-E9BD6F96FCF6}.Release|ARM.ActiveCfg = Release|Any CPU
		{BCDD2FA8-5A76-4AA5-B76E-E9BD6F96FCF6}.Release|ARM.Build.0 = Release|Any CPU
		{BCDD2FA8-5A76-4AA5-B76E-E9BD6F96FCF6}.Release|x64.ActiveCfg = Release|Any CPU
		{BCDD2FA8-5A76-4AA5-B76E-E9BD6F96FCF6}.Release|x64.Build.0 = Release|Any CPU
		{BCDD2FA8-5A76-4AA5-B76E-E9BD6F96FCF6}.Release|x86.ActiveCfg = Release|Any CPU
		{BCDD2FA8-5A76-4AA5-B76E-E9BD6F96FCF6}.Release|x86.Build.0 = Release|Any CPU
		{BCDD2FA8-5A76-4AA5-B76E-E9BD6F96FCF6}.SingleImage|Any CPU.ActiveCfg = Release|Any CPU
		{BCDD2FA8-5A76-4AA5-B76E-E9BD6F96FCF6}.SingleImage|Any CPU.Build.0 = Release|Any CPU
		{BCDD2FA8-5A76-4AA5-B76E-E9BD6F96FCF6}.SingleImage|ARM.ActiveCfg = Release|Any CPU
		{BCDD2FA8-5A76-4AA5-B76E-E9BD6F96FCF6}.SingleImage|ARM.Build.0 = Release|Any CPU
		{BCDD2FA8-5A76-4AA5-B76E-E9BD6F96FCF6}.SingleImage|x64.ActiveCfg = Release|Any CPU
		{BCDD2FA8-5A76-4AA5-B76E-E9BD6F96FCF6}.SingleImage|x64.Build.0 = Release|Any CPU
		{BCDD2FA8-5A76-4AA5-B76E-E9BD6F96FCF6}.SingleImage|x86.ActiveCfg = Release|Any CPU
		{BCDD2FA8-5A76-4AA5-B76E-E9BD6F96FCF6}.SingleImage|x86.Build.0 = Release|Any CPU
	EndGlobalSection
	GlobalSection(SolutionProperties) = preSolution
		HideSolutionNode = FALSE
	EndGlobalSection
EndGlobal
